
Microsoft Visual Studio Solution File, Format Version 12.00
# Visual Studio Version 17
VisualStudioVersion = 17.3.32901.215
MinimumVisualStudioVersion = 10.0.40219.1
Project("{FAE04EC0-301F-11D3-BF4B-00C04F79EFBC}") = "TestMemoryCaching", "TestMemoryCaching\TestMemoryCaching.csproj", "{34CF03A6-07AB-419E-BC3D-4163C0C0FBFC}"
EndProject
Global
	GlobalSection(SolutionConfigurationPlatforms) = preSolution
		Debug|Any CPU = Debug|Any CPU
		Release|Any CPU = Release|Any CPU
	EndGlobalSection
	GlobalSection(ProjectConfigurationPlatforms) = postSolution
		{34CF03A6-07AB-419E-BC3D-4163C0C0FBFC}.Debug|Any CPU.ActiveCfg = Debug|Any CPU
		{34CF03A6-07AB-419E-BC3D-4163C0C0FBFC}.Debug|Any CPU.Build.0 = Debug|Any CPU
		{34CF03A6-07AB-419E-BC3D-4163C0C0FBFC}.Release|Any CPU.ActiveCfg = Release|Any CPU
		{34CF03A6-07AB-419E-BC3D-4163C0C0FBFC}.Release|Any CPU.Build.0 = Release|Any CPU
	EndGlobalSection
	GlobalSection(SolutionProperties) = preSolution
		HideSolutionNode = FALSE
	EndGlobalSection
	GlobalSection(ExtensibilityGlobals) = postSolution
		SolutionGuid = {60DFDBFC-776F-4980-8605-38189F388141}
	EndGlobalSection
EndGlobal
